#MicroXplorer Configuration settings - do not modify
ADC1.Channel-0\#ChannelRegularConversion=ADC_CHANNEL_1
ADC1.Channel-9\#ChannelRegularConversion=ADC_CHANNEL_2
ADC1.ClockPrescaler=ADC_CLOCK_SYNC_PCLK_DIV8
ADC1.ContinuousConvMode=ENABLE
ADC1.DMAContinuousRequests=ENABLE
ADC1.EOCSelection=ADC_EOC_SINGLE_CONV
ADC1.IPParameters=Rank-0\#ChannelRegularConversion,master,Channel-0\#ChannelRegularConversion,SamplingTime-0\#ChannelRegularConversion,NbrOfConversionFlag,ClockPrescaler,ScanConvMode,ContinuousConvMode,Resolution,InjNumberOfConversion,NbrOfConversion,EOCSelection,Rank-9\#ChannelRegularConversion,Channel-9\#ChannelRegularConversion,SamplingTime-9\#ChannelRegularConversion,DMAContinuousRequests
ADC1.InjNumberOfConversion=0
ADC1.NbrOfConversion=2
ADC1.NbrOfConversionFlag=1
ADC1.Rank-0\#ChannelRegularConversion=1
ADC1.Rank-9\#ChannelRegularConversion=2
ADC1.Resolution=ADC_RESOLUTION_12B
ADC1.SamplingTime-0\#ChannelRegularConversion=ADC_SAMPLETIME_480CYCLES
ADC1.SamplingTime-9\#ChannelRegularConversion=ADC_SAMPLETIME_480CYCLES
ADC1.ScanConvMode=ADC_SCAN_ENABLE
ADC1.master=1
CORTEX_M7.ART_ACCLERATOR_ENABLE=0
CORTEX_M7.CPU_DCache=Enabled
CORTEX_M7.CPU_ICache=Enabled
CORTEX_M7.IPParameters=ART_ACCLERATOR_ENABLE,PREFETCH_ENABLE,CPU_ICache,CPU_DCache
CORTEX_M7.PREFETCH_ENABLE=0
CRC.IPParameters=InputDataFormat
CRC.InputDataFormat=CRC_INPUTDATA_FORMAT_WORDS
Dma.ADC1.11.Direction=DMA_PERIPH_TO_MEMORY
Dma.ADC1.11.FIFOMode=DMA_FIFOMODE_DISABLE
Dma.ADC1.11.Instance=DMA2_Stream4
Dma.ADC1.11.MemDataAlignment=DMA_MDATAALIGN_HALFWORD
Dma.ADC1.11.MemInc=DMA_MINC_ENABLE
Dma.ADC1.11.Mode=DMA_CIRCULAR
Dma.ADC1.11.PeriphDataAlignment=DMA_PDATAALIGN_HALFWORD
Dma.ADC1.11.PeriphInc=DMA_PINC_DISABLE
Dma.ADC1.11.Priority=DMA_PRIORITY_LOW
Dma.ADC1.11.RequestParameters=Instance,Direction,PeriphInc,MemInc,PeriphDataAlignment,MemDataAlignment,Mode,Priority,FIFOMode
Dma.I2C1_RX.8.Direction=DMA_PERIPH_TO_MEMORY
Dma.I2C1_RX.8.FIFOMode=DMA_FIFOMODE_DISABLE
Dma.I2C1_RX.8.Instance=DMA1_Stream0
Dma.I2C1_RX.8.MemDataAlignment=DMA_MDATAALIGN_BYTE
Dma.I2C1_RX.8.MemInc=DMA_MINC_ENABLE
Dma.I2C1_RX.8.Mode=DMA_NORMAL
Dma.I2C1_RX.8.PeriphDataAlignment=DMA_PDATAALIGN_BYTE
Dma.I2C1_RX.8.PeriphInc=DMA_PINC_DISABLE
Dma.I2C1_RX.8.Priority=DMA_PRIORITY_LOW
Dma.I2C1_RX.8.RequestParameters=Instance,Direction,PeriphInc,MemInc,PeriphDataAlignment,MemDataAlignment,Mode,Priority,FIFOMode
Dma.I2C1_TX.5.Direction=DMA_MEMORY_TO_PERIPH
Dma.I2C1_TX.5.FIFOMode=DMA_FIFOMODE_DISABLE
Dma.I2C1_TX.5.Instance=DMA1_Stream7
Dma.I2C1_TX.5.MemDataAlignment=DMA_MDATAALIGN_BYTE
Dma.I2C1_TX.5.MemInc=DMA_MINC_ENABLE
Dma.I2C1_TX.5.Mode=DMA_NORMAL
Dma.I2C1_TX.5.PeriphDataAlignment=DMA_PDATAALIGN_BYTE
Dma.I2C1_TX.5.PeriphInc=DMA_PINC_DISABLE
Dma.I2C1_TX.5.Priority=DMA_PRIORITY_LOW
Dma.I2C1_TX.5.RequestParameters=Instance,Direction,PeriphInc,MemInc,PeriphDataAlignment,MemDataAlignment,Mode,Priority,FIFOMode
Dma.Request0=USART1_TX
Dma.Request1=SPI3_TX
Dma.Request10=SAI1_B
Dma.Request11=ADC1
Dma.Request2=USART2_TX
Dma.Request3=SPI4_RX
Dma.Request4=SPI4_TX
Dma.Request5=I2C1_TX
Dma.Request6=SPI2_RX
Dma.Request7=SPI2_TX
Dma.Request8=I2C1_RX
Dma.Request9=SAI1_A
Dma.RequestsNb=12
Dma.SAI1_A.9.Direction=DMA_PERIPH_TO_MEMORY
Dma.SAI1_A.9.FIFOMode=DMA_FIFOMODE_DISABLE
Dma.SAI1_A.9.Instance=DMA2_Stream3
Dma.SAI1_A.9.MemDataAlignment=DMA_MDATAALIGN_WORD
Dma.SAI1_A.9.MemInc=DMA_MINC_ENABLE
Dma.SAI1_A.9.Mode=DMA_CIRCULAR
Dma.SAI1_A.9.PeriphDataAlignment=DMA_PDATAALIGN_WORD
Dma.SAI1_A.9.PeriphInc=DMA_PINC_DISABLE
Dma.SAI1_A.9.Priority=DMA_PRIORITY_LOW
Dma.SAI1_A.9.RequestParameters=Instance,Direction,PeriphInc,MemInc,PeriphDataAlignment,MemDataAlignment,Mode,Priority,FIFOMode
Dma.SAI1_B.10.Direction=DMA_MEMORY_TO_PERIPH
Dma.SAI1_B.10.FIFOMode=DMA_FIFOMODE_DISABLE
Dma.SAI1_B.10.Instance=DMA2_Stream5
Dma.SAI1_B.10.MemDataAlignment=DMA_MDATAALIGN_WORD
Dma.SAI1_B.10.MemInc=DMA_MINC_ENABLE
Dma.SAI1_B.10.Mode=DMA_CIRCULAR
Dma.SAI1_B.10.PeriphDataAlignment=DMA_PDATAALIGN_WORD
Dma.SAI1_B.10.PeriphInc=DMA_PINC_DISABLE
Dma.SAI1_B.10.Priority=DMA_PRIORITY_LOW
Dma.SAI1_B.10.RequestParameters=Instance,Direction,PeriphInc,MemInc,PeriphDataAlignment,MemDataAlignment,Mode,Priority,FIFOMode
Dma.SPI2_RX.6.Direction=DMA_PERIPH_TO_MEMORY
Dma.SPI2_RX.6.FIFOMode=DMA_FIFOMODE_DISABLE
Dma.SPI2_RX.6.Instance=DMA1_Stream3
Dma.SPI2_RX.6.MemDataAlignment=DMA_MDATAALIGN_BYTE
Dma.SPI2_RX.6.MemInc=DMA_MINC_ENABLE
Dma.SPI2_RX.6.Mode=DMA_NORMAL
Dma.SPI2_RX.6.PeriphDataAlignment=DMA_PDATAALIGN_BYTE
Dma.SPI2_RX.6.PeriphInc=DMA_PINC_DISABLE
Dma.SPI2_RX.6.Priority=DMA_PRIORITY_LOW
Dma.SPI2_RX.6.RequestParameters=Instance,Direction,PeriphInc,MemInc,PeriphDataAlignment,MemDataAlignment,Mode,Priority,FIFOMode
Dma.SPI2_TX.7.Direction=DMA_MEMORY_TO_PERIPH
Dma.SPI2_TX.7.FIFOMode=DMA_FIFOMODE_DISABLE
Dma.SPI2_TX.7.Instance=DMA1_Stream4
Dma.SPI2_TX.7.MemDataAlignment=DMA_MDATAALIGN_BYTE
Dma.SPI2_TX.7.MemInc=DMA_MINC_ENABLE
Dma.SPI2_TX.7.Mode=DMA_NORMAL
Dma.SPI2_TX.7.PeriphDataAlignment=DMA_PDATAALIGN_BYTE
Dma.SPI2_TX.7.PeriphInc=DMA_PINC_DISABLE
Dma.SPI2_TX.7.Priority=DMA_PRIORITY_LOW
Dma.SPI2_TX.7.RequestParameters=Instance,Direction,PeriphInc,MemInc,PeriphDataAlignment,MemDataAlignment,Mode,Priority,FIFOMode
Dma.SPI3_TX.1.Direction=DMA_MEMORY_TO_PERIPH
Dma.SPI3_TX.1.FIFOMode=DMA_FIFOMODE_DISABLE
Dma.SPI3_TX.1.Instance=DMA1_Stream5
Dma.SPI3_TX.1.MemDataAlignment=DMA_MDATAALIGN_HALFWORD
Dma.SPI3_TX.1.MemInc=DMA_MINC_ENABLE
Dma.SPI3_TX.1.Mode=DMA_NORMAL
Dma.SPI3_TX.1.PeriphDataAlignment=DMA_PDATAALIGN_HALFWORD
Dma.SPI3_TX.1.PeriphInc=DMA_PINC_DISABLE
Dma.SPI3_TX.1.Priority=DMA_PRIORITY_LOW
Dma.SPI3_TX.1.RequestParameters=Instance,Direction,PeriphInc,MemInc,PeriphDataAlignment,MemDataAlignment,Mode,Priority,FIFOMode
Dma.SPI4_RX.3.Direction=DMA_PERIPH_TO_MEMORY
Dma.SPI4_RX.3.FIFOMode=DMA_FIFOMODE_DISABLE
Dma.SPI4_RX.3.Instance=DMA2_Stream0
Dma.SPI4_RX.3.MemDataAlignment=DMA_MDATAALIGN_HALFWORD
Dma.SPI4_RX.3.MemInc=DMA_MINC_ENABLE
Dma.SPI4_RX.3.Mode=DMA_NORMAL
Dma.SPI4_RX.3.PeriphDataAlignment=DMA_PDATAALIGN_HALFWORD
Dma.SPI4_RX.3.PeriphInc=DMA_PINC_DISABLE
Dma.SPI4_RX.3.Priority=DMA_PRIORITY_LOW
Dma.SPI4_RX.3.RequestParameters=Instance,Direction,PeriphInc,MemInc,PeriphDataAlignment,MemDataAlignment,Mode,Priority,FIFOMode
Dma.SPI4_TX.4.Direction=DMA_MEMORY_TO_PERIPH
Dma.SPI4_TX.4.FIFOMode=DMA_FIFOMODE_DISABLE
Dma.SPI4_TX.4.Instance=DMA2_Stream1
Dma.SPI4_TX.4.MemDataAlignment=DMA_MDATAALIGN_HALFWORD
Dma.SPI4_TX.4.MemInc=DMA_MINC_ENABLE
Dma.SPI4_TX.4.Mode=DMA_NORMAL
Dma.SPI4_TX.4.PeriphDataAlignment=DMA_PDATAALIGN_HALFWORD
Dma.SPI4_TX.4.PeriphInc=DMA_PINC_DISABLE
Dma.SPI4_TX.4.Priority=DMA_PRIORITY_LOW
Dma.SPI4_TX.4.RequestParameters=Instance,Direction,PeriphInc,MemInc,PeriphDataAlignment,MemDataAlignment,Mode,Priority,FIFOMode
Dma.USART1_TX.0.Direction=DMA_MEMORY_TO_PERIPH
Dma.USART1_TX.0.FIFOMode=DMA_FIFOMODE_DISABLE
Dma.USART1_TX.0.Instance=DMA2_Stream7
Dma.USART1_TX.0.MemDataAlignment=DMA_MDATAALIGN_BYTE
Dma.USART1_TX.0.MemInc=DMA_MINC_ENABLE
Dma.USART1_TX.0.Mode=DMA_NORMAL
Dma.USART1_TX.0.PeriphDataAlignment=DMA_PDATAALIGN_BYTE
Dma.USART1_TX.0.PeriphInc=DMA_PINC_DISABLE
Dma.USART1_TX.0.Priority=DMA_PRIORITY_LOW
Dma.USART1_TX.0.RequestParameters=Instance,Direction,PeriphInc,MemInc,PeriphDataAlignment,MemDataAlignment,Mode,Priority,FIFOMode
Dma.USART2_TX.2.Direction=DMA_MEMORY_TO_PERIPH
Dma.USART2_TX.2.FIFOMode=DMA_FIFOMODE_DISABLE
Dma.USART2_TX.2.Instance=DMA1_Stream6
Dma.USART2_TX.2.MemDataAlignment=DMA_MDATAALIGN_BYTE
Dma.USART2_TX.2.MemInc=DMA_MINC_ENABLE
Dma.USART2_TX.2.Mode=DMA_NORMAL
Dma.USART2_TX.2.PeriphDataAlignment=DMA_PDATAALIGN_BYTE
Dma.USART2_TX.2.PeriphInc=DMA_PINC_DISABLE
Dma.USART2_TX.2.Priority=DMA_PRIORITY_LOW
Dma.USART2_TX.2.RequestParameters=Instance,Direction,PeriphInc,MemInc,PeriphDataAlignment,MemDataAlignment,Mode,Priority,FIFOMode
FREERTOS.FootprintOK=true
FREERTOS.HEAP_NUMBER=1
FREERTOS.IPParameters=Tasks01,FootprintOK,configUSE_TIMERS,configENABLE_FPU,HEAP_NUMBER,configTOTAL_HEAP_SIZE,configUSE_NEWLIB_REENTRANT
FREERTOS.Tasks01=usbTxTask,1,128,usbTxTaskProc,As weak,NULL,Dynamic,NULL,NULL;i2cTask,2,256,i2cTaskProc,As external,NULL,Dynamic,NULL,NULL;neoPixelTask,-3,128,neoPixelTaskProc,As external,NULL,Dynamic,NULL,NULL;appTask,-3,256,appTaskProc,As external,NULL,Dynamic,NULL,NULL;soundTask,3,256,soundTaskProc,As external,NULL,Dynamic,NULL,NULL;adcTask,-3,128,adcTaskProc,As external,NULL,Dynamic,NULL,NULL;i2cMonitorTask,-3,128,i2cMonitorTaskProc,As external,NULL,Dynamic,NULL,NULL
FREERTOS.configENABLE_FPU=1
FREERTOS.configTOTAL_HEAP_SIZE=289000
FREERTOS.configUSE_NEWLIB_REENTRANT=1
FREERTOS.configUSE_TIMERS=0
File.Version=6
GPIO.groupedBy=Group By Peripherals
I2C1.I2C_Fall_Time=50
I2C1.I2C_Rise_Time=50
I2C1.I2C_Speed_Mode=I2C_Fast
I2C1.IPParameters=Timing,I2C_Speed_Mode,I2C_Rise_Time,I2C_Fall_Time
I2C1.Timing=0x00802F47
KeepUserPlacement=false
Mcu.CPN=STM32F745VGT6
Mcu.Family=STM32F7
Mcu.IP0=ADC1
Mcu.IP1=CORTEX_M7
Mcu.IP10=SPI3
Mcu.IP11=SPI4
Mcu.IP12=SYS
Mcu.IP13=TIM6
Mcu.IP14=TIM10
Mcu.IP15=USART1
Mcu.IP16=USART2
Mcu.IP17=USB_DEVICE
Mcu.IP18=USB_OTG_FS
Mcu.IP2=CRC
Mcu.IP3=DMA
Mcu.IP4=FREERTOS
Mcu.IP5=I2C1
Mcu.IP6=NVIC
Mcu.IP7=RCC
Mcu.IP8=SAI1
Mcu.IP9=SPI2
Mcu.IPNb=19
Mcu.Name=STM32F745V(E-G)Tx
Mcu.Package=LQFP100
Mcu.Pin0=PE2
Mcu.Pin1=PE3
Mcu.Pin10=PA1
Mcu.Pin11=PA2
Mcu.Pin12=PA3
Mcu.Pin13=PA4
Mcu.Pin14=PA5
Mcu.Pin15=PA6
Mcu.Pin16=PA7
Mcu.Pin17=PB2
Mcu.Pin18=PE11
Mcu.Pin19=PE12
Mcu.Pin2=PE4
Mcu.Pin20=PE13
Mcu.Pin21=PB10
Mcu.Pin22=PB12
Mcu.Pin23=PC7
Mcu.Pin24=PA9
Mcu.Pin25=PA10
Mcu.Pin26=PA11
Mcu.Pin27=PA12
Mcu.Pin28=PA13
Mcu.Pin29=PA14
Mcu.Pin3=PE5
Mcu.Pin30=PA15
Mcu.Pin31=PC10
Mcu.Pin32=PC12
Mcu.Pin33=PD0
Mcu.Pin34=PD5
Mcu.Pin35=PD6
Mcu.Pin36=PB3
Mcu.Pin37=PB4
Mcu.Pin38=PB6
Mcu.Pin39=PB7
Mcu.Pin4=PE6
Mcu.Pin40=PB9
Mcu.Pin41=VP_CRC_VS_CRC
Mcu.Pin42=VP_FREERTOS_VS_CMSIS_V1
Mcu.Pin43=VP_SAI1_VP_$IpInstance_SAIA_SAI_BASIC
Mcu.Pin44=VP_SAI1_VP_$IpInstance_SAIB_SAI_BASIC
Mcu.Pin45=VP_SYS_VS_tim7
Mcu.Pin46=VP_TIM6_VS_ClockSourceINT
Mcu.Pin47=VP_TIM10_VS_ClockSourceINT
Mcu.Pin48=VP_USB_DEVICE_VS_USB_DEVICE_CDC_FS
Mcu.Pin5=PH0/OSC_IN
Mcu.Pin6=PH1/OSC_OUT
Mcu.Pin7=PC1
Mcu.Pin8=PC2
Mcu.Pin9=PC3
Mcu.PinsNb=49
Mcu.ThirdPartyNb=0
Mcu.UserConstants=SRAM_SPI,SPI2;NP_SPI,SPI3;RPI_SPI,SPI4;RPI_UART,USART1;IR_UART,USART2
Mcu.UserName=STM32F745VGTx
MxCube.Version=6.6.1
MxDb.Version=DB.6.0.60
NVIC.BusFault_IRQn=true\:0\:0\:false\:false\:true\:false\:false\:false\:false
NVIC.DMA1_Stream0_IRQn=true\:5\:0\:false\:false\:false\:true\:false\:true\:true
NVIC.DMA1_Stream3_IRQn=true\:5\:0\:false\:false\:false\:true\:false\:true\:true
NVIC.DMA1_Stream4_IRQn=true\:5\:0\:false\:false\:false\:true\:false\:true\:true
NVIC.DMA1_Stream5_IRQn=true\:5\:0\:false\:false\:false\:true\:false\:true\:true
NVIC.DMA1_Stream6_IRQn=true\:5\:0\:false\:false\:false\:true\:false\:true\:true
NVIC.DMA1_Stream7_IRQn=true\:5\:0\:false\:false\:false\:true\:false\:true\:true
NVIC.DMA2_Stream0_IRQn=true\:5\:0\:false\:false\:false\:true\:false\:true\:true
NVIC.DMA2_Stream1_IRQn=true\:5\:0\:false\:false\:false\:true\:false\:true\:true
NVIC.DMA2_Stream3_IRQn=true\:5\:0\:false\:false\:false\:true\:false\:true\:true
NVIC.DMA2_Stream4_IRQn=true\:5\:0\:false\:false\:false\:true\:false\:true\:true
NVIC.DMA2_Stream5_IRQn=true\:5\:0\:false\:false\:false\:true\:false\:true\:true
NVIC.DMA2_Stream7_IRQn=true\:5\:0\:false\:false\:false\:true\:false\:true\:true
NVIC.DebugMonitor_IRQn=true\:0\:0\:false\:false\:true\:false\:false\:false\:false
NVIC.EXTI15_10_IRQn=true\:5\:0\:false\:false\:false\:true\:true\:true\:true
NVIC.EXTI9_5_IRQn=true\:5\:0\:false\:false\:false\:true\:true\:true\:true
NVIC.ForceEnableDMAVector=true
NVIC.HardFault_IRQn=true\:0\:0\:false\:false\:true\:false\:false\:false\:false
NVIC.I2C1_ER_IRQn=true\:5\:0\:false\:false\:false\:true\:true\:true\:true
NVIC.I2C1_EV_IRQn=true\:5\:0\:false\:false\:false\:true\:true\:true\:true
NVIC.MemoryManagement_IRQn=true\:0\:0\:false\:false\:true\:false\:false\:false\:false
NVIC.NonMaskableInt_IRQn=true\:0\:0\:false\:false\:true\:false\:false\:false\:false
NVIC.OTG_FS_IRQn=true\:5\:0\:false\:false\:false\:true\:false\:true\:true
NVIC.PendSV_IRQn=true\:15\:0\:false\:false\:false\:true\:false\:false\:false
NVIC.PriorityGroup=NVIC_PRIORITYGROUP_4
NVIC.SVCall_IRQn=true\:0\:0\:false\:false\:false\:false\:false\:false\:false
NVIC.SavedPendsvIrqHandlerGenerated=true
NVIC.SavedSvcallIrqHandlerGenerated=true
NVIC.SavedSystickIrqHandlerGenerated=true
NVIC.SysTick_IRQn=true\:15\:0\:false\:false\:false\:true\:false\:true\:false
NVIC.TIM1_UP_TIM10_IRQn=true\:5\:0\:false\:false\:false\:true\:true\:true\:true
NVIC.TIM6_DAC_IRQn=true\:5\:0\:false\:false\:false\:true\:true\:true\:true
NVIC.TIM7_IRQn=true\:0\:0\:false\:false\:false\:false\:false\:true\:true
NVIC.TimeBase=TIM7_IRQn
NVIC.TimeBaseIP=TIM7
NVIC.USART1_IRQn=true\:5\:0\:false\:false\:false\:true\:true\:true\:true
NVIC.USART2_IRQn=true\:5\:0\:false\:false\:false\:true\:true\:true\:true
NVIC.UsageFault_IRQn=true\:0\:0\:false\:false\:true\:false\:false\:false\:false
PA1.GPIOParameters=GPIO_Label
PA1.GPIO_Label=LEFT_VOL_ADC
PA1.Locked=true
PA1.Signal=ADCx_IN1
PA10.Locked=true
PA10.Signal=USB_OTG_FS_ID
PA11.Mode=Device_Only
PA11.Signal=USB_OTG_FS_DM
PA12.Mode=Device_Only
PA12.Signal=USB_OTG_FS_DP
PA13.Locked=true
PA13.Mode=JTAG_5_pins
PA13.Signal=SYS_JTMS-SWDIO
PA14.Locked=true
PA14.Mode=JTAG_5_pins
PA14.Signal=SYS_JTCK-SWCLK
PA15.Locked=true
PA15.Mode=JTAG_5_pins
PA15.Signal=SYS_JTDI
PA2.GPIOParameters=GPIO_Label
PA2.GPIO_Label=RIGHT_VOL_ADC
PA2.Locked=true
PA2.Signal=ADCx_IN2
PA3.GPIOParameters=GPIO_Label
PA3.GPIO_Label=TP13
PA3.Locked=true
PA3.Signal=GPIO_Output
PA4.GPIOParameters=GPIO_Label
PA4.GPIO_Label=TP14
PA4.Locked=true
PA4.Signal=GPIO_Output
PA5.GPIOParameters=GPIO_PuPd,GPIO_Label,GPIO_ModeDefaultEXTI
PA5.GPIO_Label=GPIO_IN_INT_SW2_N
PA5.GPIO_ModeDefaultEXTI=GPIO_MODE_IT_FALLING
PA5.GPIO_PuPd=GPIO_PULLUP
PA5.Locked=true
PA5.Signal=GPXTI5
PA6.GPIOParameters=GPIO_PuPd,GPIO_Label,GPIO_ModeDefaultEXTI
PA6.GPIO_Label=GPIO_IN_INT_MPU_N
PA6.GPIO_ModeDefaultEXTI=GPIO_MODE_IT_FALLING
PA6.GPIO_PuPd=GPIO_PULLUP
PA6.Locked=true
PA6.Signal=GPXTI6
PA7.GPIOParameters=GPIO_PuPd,GPIO_Label,GPIO_ModeDefaultEXTI
PA7.GPIO_Label=GPIO_IN_INT_SW_N
PA7.GPIO_ModeDefaultEXTI=GPIO_MODE_IT_FALLING
PA7.GPIO_PuPd=GPIO_PULLUP
PA7.Locked=true
PA7.Signal=GPXTI7
PA9.GPIOParameters=GPIO_Label
PA9.GPIO_Label=RPI_UART_TX
PA9.Locked=true
PA9.Mode=Asynchronous
PA9.Signal=USART1_TX
PB10.GPIOParameters=GPIO_Label
PB10.GPIO_Label=SRAM_SPI_SCK
PB10.Mode=Full_Duplex_Master
PB10.Signal=SPI2_SCK
PB12.GPIOParameters=GPIO_Label
PB12.GPIO_Label=SRAM_SPI_NSS
PB12.Locked=true
PB12.Signal=GPIO_Output
PB2.Mode=SAI_A_MasterWithClock
PB2.Signal=SAI1_SD_A
PB3.Locked=true
PB3.Mode=JTAG_5_pins
PB3.Signal=SYS_JTDO-SWO
PB4.Locked=true
PB4.Mode=JTAG_5_pins
PB4.Signal=SYS_JTRST
PB6.GPIOParameters=GPIO_Pu
PB6.GPIO_Pu=GPIO_PULLUP
PB6.Locked=true
PB6.Mode=I2C
PB6.Signal=I2C1_SCL
PB7.GPIOParameters=GPIO_Label
PB7.GPIO_Label=RPI_UART_RX
PB7.Mode=Asynchronous
PB7.Signal=USART1_RX
PB9.GPIOParameters=GPIO_Pu
PB9.GPIO_Pu=GPIO_PULLUP
PB9.Locked=true
PB9.Mode=I2C
PB9.Signal=I2C1_SDA
PC1.Locked=true
PC1.Mode=SYS_WakeUp2
PC1.Signal=SYS_WKUP3
PC10.GPIOParameters=GPIO_Label
PC10.GPIO_Label=UNUSED_SPI_SCK
PC10.Mode=TX_Only_Simplex_Unidirect_Master
PC10.Signal=SPI3_SCK
PC12.GPIOParameters=GPIO_Label
PC12.GPIO_Label=NEOPIXEL_DT
PC12.Locked=true
PC12.Mode=TX_Only_Simplex_Unidirect_Master
PC12.Signal=SPI3_MOSI
PC2.GPIOParameters=GPIO_Label
PC2.GPIO_Label=SRAM_SPI_MISO
PC2.Mode=Full_Duplex_Master
PC2.Signal=SPI2_MISO
PC3.GPIOParameters=GPIO_Label
PC3.GPIO_Label=SRAM_SPI_MOSI
PC3.Locked=true
PC3.Mode=Full_Duplex_Master
PC3.Signal=SPI2_MOSI
PC7.GPIOParameters=GPIO_Label
PC7.GPIO_Label=LED_ACT
PC7.Locked=true
PC7.Signal=GPIO_Output
PD0.GPIOParameters=GPIO_Label
PD0.GPIO_Label=PCM_RST
PD0.Locked=true
PD0.Signal=GPIO_Output
PD5.GPIOParameters=GPIO_Label
PD5.GPIO_Label=IR_UART_TX
PD5.Locked=true
PD5.Mode=Asynchronous
PD5.Signal=USART2_TX
PD6.GPIOParameters=GPIO_Label
PD6.GPIO_Label=IR_UART_RX
PD6.Locked=true
PD6.Mode=Asynchronous
PD6.Signal=USART2_RX
PE11.GPIOParameters=GPIO_Label,GPIO_ModeDefaultEXTI
PE11.GPIO_Label=RPI_SPI_NSS
PE11.GPIO_ModeDefaultEXTI=GPIO_MODE_IT_FALLING
PE11.Locked=true
PE11.Signal=GPXTI11
PE12.GPIOParameters=GPIO_Label
PE12.GPIO_Label=RPI_SPI_SCK
PE12.Locked=true
PE12.Mode=Full_Duplex_Slave
PE12.Signal=SPI4_SCK
PE13.GPIOParameters=GPIO_Label
PE13.GPIO_Label=RPI_SPI_MISO
PE13.Locked=true
PE13.Mode=Full_Duplex_Slave
PE13.Signal=SPI4_MISO
PE2.Mode=SAI_A_MasterWithClock
PE2.Signal=SAI1_MCLK_A
PE3.Mode=SAI_B_SyncSlave
PE3.Signal=SAI1_SD_B
PE4.Mode=SAI_A_MasterWithClock
PE4.Signal=SAI1_FS_A
PE5.Mode=SAI_A_MasterWithClock
PE5.Signal=SAI1_SCK_A
PE6.GPIOParameters=GPIO_Label
PE6.GPIO_Label=RPI_SPI_MOSI
PE6.Locked=true
PE6.Mode=Full_Duplex_Slave
PE6.Signal=SPI4_MOSI
PH0/OSC_IN.Mode=HSE-External-Oscillator
PH0/OSC_IN.Signal=RCC_OSC_IN
PH1/OSC_OUT.Mode=HSE-External-Oscillator
PH1/OSC_OUT.Signal=RCC_OSC_OUT
PinOutPanel.RotationAngle=0
ProjectManager.AskForMigrate=true
ProjectManager.BackupPrevious=false
ProjectManager.CompilerOptimize=6
ProjectManager.ComputerToolchain=false
ProjectManager.CoupleFile=false
ProjectManager.CustomerFirmwarePackage=
ProjectManager.DefaultFWLocation=true
ProjectManager.DeletePrevious=true
ProjectManager.DeviceId=STM32F745VGTx
ProjectManager.FirmwarePackage=STM32Cube FW_F7 V1.17.0
ProjectManager.FreePins=false
ProjectManager.HalAssertFull=false
ProjectManager.HeapSize=0x200
ProjectManager.KeepUserCode=true
ProjectManager.LastFirmware=true
ProjectManager.LibraryCopy=1
ProjectManager.MainLocation=Core/Src
ProjectManager.NoMain=false
ProjectManager.PreviousToolchain=
ProjectManager.ProjectBuild=false
ProjectManager.ProjectFileName=ReactiveEffector.ioc
ProjectManager.ProjectName=ReactiveEffector
ProjectManager.RegisterCallBack=
ProjectManager.StackSize=0x1000
ProjectManager.TargetToolchain=STM32CubeIDE
ProjectManager.ToolChainLocation=
ProjectManager.UnderRoot=true
ProjectManager.functionlistsort=1-MX_GPIO_Init-GPIO-false-LL-true,2-MX_DMA_Init-DMA-false-LL-true,3-SystemClock_Config-RCC-false-LL-false,4-MX_USB_DEVICE_Init-USB_DEVICE-false-HAL-false,5-MX_USART1_UART_Init-USART1-false-LL-true,6-MX_SPI3_Init-SPI3-false-LL-true,7-MX_ADC1_Init-ADC1-false-LL-true,8-MX_USART2_UART_Init-USART2-false-LL-true,9-MX_SPI4_Init-SPI4-false-LL-true,10-MX_I2C1_Init-I2C1-false-LL-true,11-MX_SPI2_Init-SPI2-false-LL-true,12-MX_SAI1_Init-SAI1-false-HAL-true,13-MX_TIM6_Init-TIM6-false-LL-true,14-MX_TIM10_Init-TIM10-false-LL-true,15-MX_CRC_Init-CRC-false-LL-true,0-MX_CORTEX_M7_Init-CORTEX_M7-false-LL-true
RCC.AHBFreq_Value=216000000
RCC.APB1CLKDivider=RCC_HCLK_DIV4
RCC.APB1Freq_Value=54000000
RCC.APB1TimFreq_Value=108000000
RCC.APB2CLKDivider=RCC_HCLK_DIV2
RCC.APB2Freq_Value=108000000
RCC.APB2TimFreq_Value=216000000
RCC.CECFreq_Value=32786.88524590164
RCC.CortexFreq_Value=216000000
RCC.EthernetFreq_Value=216000000
RCC.FCLKCortexFreq_Value=216000000
RCC.FamilyName=M
RCC.HCLKFreq_Value=216000000
RCC.HSE_VALUE=8000000
RCC.HSI_VALUE=16000000
RCC.I2C1Freq_Value=54000000
RCC.I2C2Freq_Value=54000000
RCC.I2C3Freq_Value=54000000
RCC.I2C4Freq_Value=54000000
RCC.I2SFreq_Value=216000000
RCC.IPParameters=AHBFreq_Value,APB1CLKDivider,APB1Freq_Value,APB1TimFreq_Value,APB2CLKDivider,APB2Freq_Value,APB2TimFreq_Value,CECFreq_Value,CortexFreq_Value,EthernetFreq_Value,FCLKCortexFreq_Value,FamilyName,HCLKFreq_Value,HSE_VALUE,HSI_VALUE,I2C1Freq_Value,I2C2Freq_Value,I2C3Freq_Value,I2C4Freq_Value,I2SFreq_Value,LPTIM1Freq_Value,LSE_VALUE,LSI_VALUE,MCO2PinFreq_Value,PLLCLKFreq_Value,PLLI2SN,PLLI2SPCLKFreq_Value,PLLI2SQCLKFreq_Value,PLLI2SRCLKFreq_Value,PLLI2SRoutputFreq_Value,PLLM,PLLN,PLLQ,PLLQCLKFreq_Value,PLLQoutputFreq_Value,PLLSAIN,PLLSAIPCLKFreq_Value,PLLSAIQCLKFreq_Value,PLLSAIRCLKFreq_Value,PLLSAIoutputFreq_Value,RNGFreq_Value,SAI1Freq_Value,SAI2Freq_Value,SDMMCFreq_Value,SPDIFRXFreq_Value,SYSCLKFreq_VALUE,SYSCLKSource,UART4Freq_Value,UART5Freq_Value,UART7Freq_Value,UART8Freq_Value,USART1Freq_Value,USART2Freq_Value,USART3Freq_Value,USART6Freq_Value,USBFreq_Value,VCOI2SOutputFreq_Value,VCOInputFreq_Value,VCOOutputFreq_Value,VCOSAIOutputFreq_Value
RCC.LPTIM1Freq_Value=54000000
RCC.LSE_VALUE=32768
RCC.LSI_VALUE=32000
RCC.MCO2PinFreq_Value=216000000
RCC.PLLCLKFreq_Value=216000000
RCC.PLLI2SN=216
RCC.PLLI2SPCLKFreq_Value=216000000
RCC.PLLI2SQCLKFreq_Value=216000000
RCC.PLLI2SRCLKFreq_Value=216000000
RCC.PLLI2SRoutputFreq_Value=216000000
RCC.PLLM=4
RCC.PLLN=216
RCC.PLLQ=9
RCC.PLLQCLKFreq_Value=48000000
RCC.PLLQoutputFreq_Value=48000000
RCC.PLLSAIN=182
RCC.PLLSAIPCLKFreq_Value=182000000
RCC.PLLSAIQCLKFreq_Value=182000000
RCC.PLLSAIRCLKFreq_Value=182000000
RCC.PLLSAIoutputFreq_Value=182000000
RCC.RNGFreq_Value=48000000
RCC.SAI1Freq_Value=182000000
RCC.SAI2Freq_Value=182000000
RCC.SDMMCFreq_Value=216000000
RCC.SPDIFRXFreq_Value=216000000
RCC.SYSCLKFreq_VALUE=216000000
RCC.SYSCLKSource=RCC_SYSCLKSOURCE_PLLCLK
RCC.UART4Freq_Value=54000000
RCC.UART5Freq_Value=54000000
RCC.UART7Freq_Value=54000000
RCC.UART8Freq_Value=54000000
RCC.USART1Freq_Value=108000000
RCC.USART2Freq_Value=54000000
RCC.USART3Freq_Value=54000000
RCC.USART6Freq_Value=108000000
RCC.USBFreq_Value=48000000
RCC.VCOI2SOutputFreq_Value=432000000
RCC.VCOInputFreq_Value=2000000
RCC.VCOOutputFreq_Value=432000000
RCC.VCOSAIOutputFreq_Value=364000000
SAI1.AudioFrequency-SAI_A_MasterWithClock=SAI_AUDIO_FREQUENCY_44K
SAI1.AudioMode-SAI_A_MasterWithClock=SAI_MODEMASTER_RX
SAI1.AudioMode-SAI_B_SyncSlave=SAI_MODESLAVE_TX
SAI1.BasicDataSize-SAI_A_MasterWithClock=SAI_PROTOCOL_DATASIZE_32BIT
SAI1.BasicDataSize-SAI_B_SyncSlave=SAI_PROTOCOL_DATASIZE_32BIT
SAI1.ErrorAudioFreq-SAI_A_MasterWithClock=0.98 %
SAI1.FIFOThreshold-SAI_B_SyncSlave=SAI_FIFOTHRESHOLD_HF
SAI1.IPParameters=MClockEnable,Instance-SAI_A_MasterWithClock,VirtualMode-SAI_A_MasterWithClock,RealAudioFreq-SAI_A_MasterWithClock,ErrorAudioFreq-SAI_A_MasterWithClock,Instance-SAI_B_SyncSlave,VirtualMode-SAI_B_SyncSlave,InitProtocol-SAI_B_SyncSlave,VirtualProtocol-SAI_B_BASIC,InitProtocol-SAI_A_MasterWithClock,VirtualProtocol-SAI_A_BASIC,BasicDataSize-SAI_A_MasterWithClock,BasicDataSize-SAI_B_SyncSlave,AudioFrequency-SAI_A_MasterWithClock,AudioMode-SAI_B_SyncSlave,FIFOThreshold-SAI_B_SyncSlave,AudioMode-SAI_A_MasterWithClock
SAI1.InitProtocol-SAI_A_MasterWithClock=Enable
SAI1.InitProtocol-SAI_B_SyncSlave=Enable
SAI1.Instance-SAI_A_MasterWithClock=SAI$Index_Block_A
SAI1.Instance-SAI_B_SyncSlave=SAI$Index_Block_B
SAI1.MClockEnable=SAI_MASTERCLOCK_ENABLE
SAI1.RealAudioFreq-SAI_A_MasterWithClock=44.433 KHz
SAI1.VirtualMode-SAI_A_MasterWithClock=VM_MASTER
SAI1.VirtualMode-SAI_B_SyncSlave=VM_SLAVE
SAI1.VirtualProtocol-SAI_A_BASIC=VM_BASIC_PROTOCOL
SAI1.VirtualProtocol-SAI_B_BASIC=VM_BASIC_PROTOCOL
SH.ADCx_IN1.0=ADC1_IN1,IN1
SH.ADCx_IN1.ConfNb=1
SH.ADCx_IN2.0=ADC1_IN2,IN2
SH.ADCx_IN2.ConfNb=1
SH.GPXTI11.0=GPIO_EXTI11
SH.GPXTI11.ConfNb=1
SH.GPXTI5.0=GPIO_EXTI5
SH.GPXTI5.ConfNb=1
SH.GPXTI6.0=GPIO_EXTI6
SH.GPXTI6.ConfNb=1
SH.GPXTI7.0=GPIO_EXTI7
SH.GPXTI7.ConfNb=1
SPI2.BaudRatePrescaler=SPI_BAUDRATEPRESCALER_4
SPI2.CLKPhase=SPI_PHASE_2EDGE
SPI2.CLKPolarity=SPI_POLARITY_HIGH
SPI2.CalculateBaudRate=13.5 MBits/s
SPI2.DataSize=SPI_DATASIZE_8BIT
SPI2.Direction=SPI_DIRECTION_2LINES
SPI2.IPParameters=VirtualType,Mode,Direction,CalculateBaudRate,BaudRatePrescaler,DataSize,CLKPhase,CLKPolarity
SPI2.Mode=SPI_MODE_MASTER
SPI2.VirtualType=VM_MASTER
SPI3.BaudRatePrescaler=SPI_BAUDRATEPRESCALER_8
SPI3.CLKPhase=SPI_PHASE_2EDGE
SPI3.CLKPolarity=SPI_POLARITY_HIGH
SPI3.CalculateBaudRate=6.75 MBits/s
SPI3.DataSize=SPI_DATASIZE_8BIT
SPI3.Direction=SPI_DIRECTION_2LINES
SPI3.IPParameters=VirtualType,Mode,Direction,CalculateBaudRate,DataSize,CLKPhase,CLKPolarity,BaudRatePrescaler
SPI3.Mode=SPI_MODE_MASTER
SPI3.VirtualType=VM_MASTER
SPI4.CLKPhase=SPI_PHASE_2EDGE
SPI4.DataSize=SPI_DATASIZE_8BIT
SPI4.Direction=SPI_DIRECTION_2LINES
SPI4.IPParameters=VirtualType,Mode,Direction,DataSize,CLKPhase
SPI4.Mode=SPI_MODE_SLAVE
SPI4.VirtualType=VM_SLAVE
TIM10.ClockDivision=TIM_CLOCKDIVISION_DIV2
TIM10.IPParameters=Prescaler,Period,ClockDivision
TIM10.Period=999
TIM10.Prescaler=10799
TIM6.IPParameters=Prescaler,Period
TIM6.Period=4999
TIM6.Prescaler=10799
USART1.IPParameters=VirtualMode-Asynchronous
USART1.VirtualMode-Asynchronous=VM_ASYNC
USART2.IPParameters=VirtualMode-Asynchronous
USART2.VirtualMode-Asynchronous=VM_ASYNC
USB_DEVICE.CLASS_NAME_FS=CDC
USB_DEVICE.IPParameters=VirtualMode-CDC_FS,VirtualModeFS,CLASS_NAME_FS,PRODUCT_STRING_CDC_FS,MANUFACTURER_STRING-CDC_FS
USB_DEVICE.MANUFACTURER_STRING-CDC_FS=SATOH GADGET
USB_DEVICE.PRODUCT_STRING_CDC_FS=ReactiveEffector RE-1
USB_DEVICE.VirtualMode-CDC_FS=Cdc
USB_DEVICE.VirtualModeFS=Cdc_FS
USB_OTG_FS.IPParameters=VirtualMode
USB_OTG_FS.VirtualMode=Device_Only
VP_CRC_VS_CRC.Mode=CRC_Activate
VP_CRC_VS_CRC.Signal=CRC_VS_CRC
VP_FREERTOS_VS_CMSIS_V1.Mode=CMSIS_V1
VP_FREERTOS_VS_CMSIS_V1.Signal=FREERTOS_VS_CMSIS_V1
VP_SAI1_VP_$IpInstance_SAIA_SAI_BASIC.Mode=SAI_A_BASIC
VP_SAI1_VP_$IpInstance_SAIA_SAI_BASIC.Signal=SAI1_VP_$IpInstance_SAIA_SAI_BASIC
VP_SAI1_VP_$IpInstance_SAIB_SAI_BASIC.Mode=SAI_B_BASIC
VP_SAI1_VP_$IpInstance_SAIB_SAI_BASIC.Signal=SAI1_VP_$IpInstance_SAIB_SAI_BASIC
VP_SYS_VS_tim7.Mode=TIM7
VP_SYS_VS_tim7.Signal=SYS_VS_tim7
VP_TIM10_VS_ClockSourceINT.Mode=Enable_Timer
VP_TIM10_VS_ClockSourceINT.Signal=TIM10_VS_ClockSourceINT
VP_TIM6_VS_ClockSourceINT.Mode=Enable_Timer
VP_TIM6_VS_ClockSourceINT.Signal=TIM6_VS_ClockSourceINT
VP_USB_DEVICE_VS_USB_DEVICE_CDC_FS.Mode=CDC_FS
VP_USB_DEVICE_VS_USB_DEVICE_CDC_FS.Signal=USB_DEVICE_VS_USB_DEVICE_CDC_FS
board=custom
isbadioc=false
